
Microsoft Visual Studio Solution File, Format Version 12.00
# Visual Studio Version 16
VisualStudioVersion = 16.0.31205.134
MinimumVisualStudioVersion = 10.0.40219.1
Project("{FAE04EC0-301F-11D3-BF4B-00C04F79EFBC}") = "work 1", "work 1\work 1.csproj", "{31DBFD80-1DA0-4C96-9F4B-85C6A27A0FB0}"
EndProject
Global
	GlobalSection(SolutionConfigurationPlatforms) = preSolution
		Debug|Any CPU = Debug|Any CPU
		Release|Any CPU = Release|Any CPU
	EndGlobalSection
	GlobalSection(ProjectConfigurationPlatforms) = postSolution
		{31DBFD80-1DA0-4C96-9F4B-85C6A27A0FB0}.Debug|Any CPU.ActiveCfg = Debug|Any CPU
		{31DBFD80-1DA0-4C96-9F4B-85C6A27A0FB0}.Debug|Any CPU.Build.0 = Debug|Any CPU
		{31DBFD80-1DA0-4C96-9F4B-85C6A27A0FB0}.Release|Any CPU.ActiveCfg = Release|Any CPU
		{31DBFD80-1DA0-4C96-9F4B-85C6A27A0FB0}.Release|Any CPU.Build.0 = Release|Any CPU
	EndGlobalSection
	GlobalSection(SolutionProperties) = preSolution
		HideSolutionNode = FALSE
	EndGlobalSection
	GlobalSection(ExtensibilityGlobals) = postSolution
		SolutionGuid = {C82CC5DA-C611-4227-9470-B9B4E6128330}
	EndGlobalSection
EndGlobal
